
Microsoft Visual Studio Solution File, Format Version 12.00
# Visual Studio Version 16
VisualStudioVersion = 16.0.29209.152
MinimumVisualStudioVersion = 15.0.26124.0
Project("{9A19103F-16F7-4668-BE54-9A1E7A4F7556}") = "PipelineMonitoring", "PipelineMonitoring\PipelineMonitoring.csproj", "{79209E52-AFD0-42AE-9F08-B519BF16D98E}"
EndProject
Project("{9A19103F-16F7-4668-BE54-9A1E7A4F7556}") = "PipelineMonitoring.UnitTests", "PipelineMonitoring.UnitTests\PipelineMonitoring.UnitTests.csproj", "{C8939F7A-E409-461D-960B-A79788E73CAD}"
EndProject
Project("{2150E333-8FDC-42A3-9474-1A3956D46DE8}") = "Solution Items", "Solution Items", "{62F1258F-B98B-4EBA-8795-E44228734A43}"
	ProjectSection(SolutionItems) = preProject
		README.md = README.md
	EndProjectSection
EndProject
Global
	GlobalSection(SolutionConfigurationPlatforms) = preSolution
		Debug|Any CPU = Debug|Any CPU
		Debug|x64 = Debug|x64
		Debug|x86 = Debug|x86
		Release|Any CPU = Release|Any CPU
		Release|x64 = Release|x64
		Release|x86 = Release|x86
	EndGlobalSection
	GlobalSection(ProjectConfigurationPlatforms) = postSolution
		{79209E52-AFD0-42AE-9F08-B519BF16D98E}.Debug|Any CPU.ActiveCfg = Debug|Any CPU
		{79209E52-AFD0-42AE-9F08-B519BF16D98E}.Debug|Any CPU.Build.0 = Debug|Any CPU
		{79209E52-AFD0-42AE-9F08-B519BF16D98E}.Debug|x64.ActiveCfg = Debug|Any CPU
		{79209E52-AFD0-42AE-9F08-B519BF16D98E}.Debug|x64.Build.0 = Debug|Any CPU
		{79209E52-AFD0-42AE-9F08-B519BF16D98E}.Debug|x86.ActiveCfg = Debug|Any CPU
		{79209E52-AFD0-42AE-9F08-B519BF16D98E}.Debug|x86.Build.0 = Debug|Any CPU
		{79209E52-AFD0-42AE-9F08-B519BF16D98E}.Release|Any CPU.ActiveCfg = Release|Any CPU
		{79209E52-AFD0-42AE-9F08-B519BF16D98E}.Release|Any CPU.Build.0 = Release|Any CPU
		{79209E52-AFD0-42AE-9F08-B519BF16D98E}.Release|x64.ActiveCfg = Release|Any CPU
		{79209E52-AFD0-42AE-9F08-B519BF16D98E}.Release|x64.Build.0 = Release|Any CPU
		{79209E52-AFD0-42AE-9F08-B519BF16D98E}.Release|x86.ActiveCfg = Release|Any CPU
		{79209E52-AFD0-42AE-9F08-B519BF16D98E}.Release|x86.Build.0 = Release|Any CPU
		{C8939F7A-E409-461D-960B-A79788E73CAD}.Debug|Any CPU.ActiveCfg = Debug|Any CPU
		{C8939F7A-E409-461D-960B-A79788E73CAD}.Debug|Any CPU.Build.0 = Debug|Any CPU
		{C8939F7A-E409-461D-960B-A79788E73CAD}.Debug|x64.ActiveCfg = Debug|Any CPU
		{C8939F7A-E409-461D-960B-A79788E73CAD}.Debug|x64.Build.0 = Debug|Any CPU
		{C8939F7A-E409-461D-960B-A79788E73CAD}.Debug|x86.ActiveCfg = Debug|Any CPU
		{C8939F7A-E409-461D-960B-A79788E73CAD}.Debug|x86.Build.0 = Debug|Any CPU
		{C8939F7A-E409-461D-960B-A79788E73CAD}.Release|Any CPU.ActiveCfg = Release|Any CPU
		{C8939F7A-E409-461D-960B-A79788E73CAD}.Release|Any CPU.Build.0 = Release|Any CPU
		{C8939F7A-E409-461D-960B-A79788E73CAD}.Release|x64.ActiveCfg = Release|Any CPU
		{C8939F7A-E409-461D-960B-A79788E73CAD}.Release|x64.Build.0 = Release|Any CPU
		{C8939F7A-E409-461D-960B-A79788E73CAD}.Release|x86.ActiveCfg = Release|Any CPU
		{C8939F7A-E409-461D-960B-A79788E73CAD}.Release|x86.Build.0 = Release|Any CPU
	EndGlobalSection
	GlobalSection(SolutionProperties) = preSolution
		HideSolutionNode = FALSE
	EndGlobalSection
	GlobalSection(ExtensibilityGlobals) = postSolution
		SolutionGuid = {0C69FA74-DB20-4C4D-993F-1822D97B7E20}
	EndGlobalSection
EndGlobal
